// !$*UTF8*$!
{
	archiveVersion = 1;
	classes = {
	};
	objectVersion = 56;
	objects = {

/* Begin PBXBuildFile section */
		2D10EB5776C1ECEC2A3C4716 /* Pods_Guru_Food_Guru_FoodUITests.framework in Frameworks */ = {isa = PBXBuildFile; fileRef = 403565CD1F885BBCEA1B9947 /* Pods_Guru_Food_Guru_FoodUITests.framework */; };
		5E82E177E57FE330637653D5 /* Pods_Guru_Food.framework in Frameworks */ = {isa = PBXBuildFile; fileRef = 8565FA1F1D504CAACB756C5D /* Pods_Guru_Food.framework */; };
		B62CD5B12A23DAE000664E4C /* WelcomeView.swift in Sources */ = {isa = PBXBuildFile; fileRef = B62CD5B02A23DAE000664E4C /* WelcomeView.swift */; };
		B62CD5B32A23DAEC00664E4C /* WelcomeView.xib in Resources */ = {isa = PBXBuildFile; fileRef = B62CD5B22A23DAEC00664E4C /* WelcomeView.xib */; };
		B62CD5C92A23DCC600664E4C /* Poppins-ExtraLight.ttf in Resources */ = {isa = PBXBuildFile; fileRef = B62CD5B62A23DCC600664E4C /* Poppins-ExtraLight.ttf */; };
		B62CD5CA2A23DCC600664E4C /* Poppins-ThinItalic.ttf in Resources */ = {isa = PBXBuildFile; fileRef = B62CD5B72A23DCC600664E4C /* Poppins-ThinItalic.ttf */; };
		B62CD5CB2A23DCC600664E4C /* Poppins-ExtraLightItalic.ttf in Resources */ = {isa = PBXBuildFile; fileRef = B62CD5B82A23DCC600664E4C /* Poppins-ExtraLightItalic.ttf */; };
		B62CD5CC2A23DCC600664E4C /* Poppins-BoldItalic.ttf in Resources */ = {isa = PBXBuildFile; fileRef = B62CD5B92A23DCC600664E4C /* Poppins-BoldItalic.ttf */; };
		B62CD5CD2A23DCC600664E4C /* Poppins-Light.ttf in Resources */ = {isa = PBXBuildFile; fileRef = B62CD5BA2A23DCC600664E4C /* Poppins-Light.ttf */; };
		B62CD5CE2A23DCC600664E4C /* Poppins-Medium.ttf in Resources */ = {isa = PBXBuildFile; fileRef = B62CD5BB2A23DCC600664E4C /* Poppins-Medium.ttf */; };
		B62CD5CF2A23DCC600664E4C /* Poppins-SemiBoldItalic.ttf in Resources */ = {isa = PBXBuildFile; fileRef = B62CD5BC2A23DCC600664E4C /* Poppins-SemiBoldItalic.ttf */; };
		B62CD5D02A23DCC600664E4C /* Poppins-ExtraBoldItalic.ttf in Resources */ = {isa = PBXBuildFile; fileRef = B62CD5BD2A23DCC600664E4C /* Poppins-ExtraBoldItalic.ttf */; };
		B62CD5D12A23DCC600664E4C /* Poppins-ExtraBold.ttf in Resources */ = {isa = PBXBuildFile; fileRef = B62CD5BE2A23DCC600664E4C /* Poppins-ExtraBold.ttf */; };
		B62CD5D22A23DCC600664E4C /* Poppins-BlackItalic.ttf in Resources */ = {isa = PBXBuildFile; fileRef = B62CD5BF2A23DCC600664E4C /* Poppins-BlackItalic.ttf */; };
		B62CD5D32A23DCC600664E4C /* OFL.txt in Resources */ = {isa = PBXBuildFile; fileRef = B62CD5C02A23DCC600664E4C /* OFL.txt */; };
		B62CD5D42A23DCC600664E4C /* Poppins-Regular.ttf in Resources */ = {isa = PBXBuildFile; fileRef = B62CD5C12A23DCC600664E4C /* Poppins-Regular.ttf */; };
		B62CD5D52A23DCC600664E4C /* Poppins-LightItalic.ttf in Resources */ = {isa = PBXBuildFile; fileRef = B62CD5C22A23DCC600664E4C /* Poppins-LightItalic.ttf */; };
		B62CD5D62A23DCC600664E4C /* Poppins-Bold.ttf in Resources */ = {isa = PBXBuildFile; fileRef = B62CD5C32A23DCC600664E4C /* Poppins-Bold.ttf */; };
		B62CD5D72A23DCC600664E4C /* Poppins-Black.ttf in Resources */ = {isa = PBXBuildFile; fileRef = B62CD5C42A23DCC600664E4C /* Poppins-Black.ttf */; };
		B62CD5D82A23DCC600664E4C /* Poppins-Thin.ttf in Resources */ = {isa = PBXBuildFile; fileRef = B62CD5C52A23DCC600664E4C /* Poppins-Thin.ttf */; };
		B62CD5D92A23DCC600664E4C /* Poppins-SemiBold.ttf in Resources */ = {isa = PBXBuildFile; fileRef = B62CD5C62A23DCC600664E4C /* Poppins-SemiBold.ttf */; };
		B62CD5DA2A23DCC600664E4C /* Poppins-Italic.ttf in Resources */ = {isa = PBXBuildFile; fileRef = B62CD5C72A23DCC600664E4C /* Poppins-Italic.ttf */; };
		B62CD5DB2A23DCC600664E4C /* Poppins-MediumItalic.ttf in Resources */ = {isa = PBXBuildFile; fileRef = B62CD5C82A23DCC600664E4C /* Poppins-MediumItalic.ttf */; };
		B62CD5DF2A23DF9300664E4C /* UIImageViewEx.swift in Sources */ = {isa = PBXBuildFile; fileRef = B62CD5DE2A23DF9300664E4C /* UIImageViewEx.swift */; };
		B67A5D192A110010009005CD /* AppDelegate.swift in Sources */ = {isa = PBXBuildFile; fileRef = B67A5D182A110010009005CD /* AppDelegate.swift */; };
		B67A5D1B2A110010009005CD /* SceneDelegate.swift in Sources */ = {isa = PBXBuildFile; fileRef = B67A5D1A2A110010009005CD /* SceneDelegate.swift */; };
		B67A5D1D2A110010009005CD /* WelcomeScreenViewController.swift in Sources */ = {isa = PBXBuildFile; fileRef = B67A5D1C2A110010009005CD /* WelcomeScreenViewController.swift */; };
		B67A5D202A110010009005CD /* WelcomeScreenViewController.storyboard in Resources */ = {isa = PBXBuildFile; fileRef = B67A5D1E2A110010009005CD /* WelcomeScreenViewController.storyboard */; };
		B67A5D232A110010009005CD /* Guru_Food.xcdatamodeld in Sources */ = {isa = PBXBuildFile; fileRef = B67A5D212A110010009005CD /* Guru_Food.xcdatamodeld */; };
		B67A5D252A110013009005CD /* Assets.xcassets in Resources */ = {isa = PBXBuildFile; fileRef = B67A5D242A110013009005CD /* Assets.xcassets */; };
		B67A5D282A110013009005CD /* LaunchScreen.storyboard in Resources */ = {isa = PBXBuildFile; fileRef = B67A5D262A110013009005CD /* LaunchScreen.storyboard */; };
		B67A5D332A110014009005CD /* Guru_FoodTests.swift in Sources */ = {isa = PBXBuildFile; fileRef = B67A5D322A110014009005CD /* Guru_FoodTests.swift */; };
		B67A5D3D2A110014009005CD /* Guru_FoodUITests.swift in Sources */ = {isa = PBXBuildFile; fileRef = B67A5D3C2A110014009005CD /* Guru_FoodUITests.swift */; };
		B67A5D3F2A110014009005CD /* Guru_FoodUITestsLaunchTests.swift in Sources */ = {isa = PBXBuildFile; fileRef = B67A5D3E2A110014009005CD /* Guru_FoodUITestsLaunchTests.swift */; };
		B6AABB542A24F9AA00855EBF /* AppConstants.swift in Sources */ = {isa = PBXBuildFile; fileRef = B6AABB532A24F9AA00855EBF /* AppConstants.swift */; };
		B6AABB572A24FC1C00855EBF /* WelcomeModel.swift in Sources */ = {isa = PBXBuildFile; fileRef = B6AABB562A24FC1C00855EBF /* WelcomeModel.swift */; };
		B6AABB592A24FE3E00855EBF /* UIViewEx.swift in Sources */ = {isa = PBXBuildFile; fileRef = B6AABB582A24FE3E00855EBF /* UIViewEx.swift */; };
		B6ACDD372A25050E0006363F /* UIColorEx.swift in Sources */ = {isa = PBXBuildFile; fileRef = B6ACDD362A25050E0006363F /* UIColorEx.swift */; };
		B6B423162A251E9700E028E6 /* UIFontEx.swift in Sources */ = {isa = PBXBuildFile; fileRef = B6B423152A251E9700E028E6 /* UIFontEx.swift */; };
		B6B4231A2A2526AB00E028E6 /* Home.storyboard in Resources */ = {isa = PBXBuildFile; fileRef = B6B423192A2526AB00E028E6 /* Home.storyboard */; };
		B6B4231C2A2526D700E028E6 /* HomeViewController.swift in Sources */ = {isa = PBXBuildFile; fileRef = B6B4231B2A2526D700E028E6 /* HomeViewController.swift */; };
		BB940A1B097DBE0630A40E76 /* Pods_Guru_FoodTests.framework in Frameworks */ = {isa = PBXBuildFile; fileRef = 9A39A9ABF663A2F1C995DA38 /* Pods_Guru_FoodTests.framework */; };
/* End PBXBuildFile section */

/* Begin PBXContainerItemProxy section */
		B67A5D2F2A110014009005CD /* PBXContainerItemProxy */ = {
			isa = PBXContainerItemProxy;
			containerPortal = B67A5D0D2A110010009005CD /* Project object */;
			proxyType = 1;
			remoteGlobalIDString = B67A5D142A110010009005CD;
			remoteInfo = "Guru Food";
		};
		B67A5D392A110014009005CD /* PBXContainerItemProxy */ = {
			isa = PBXContainerItemProxy;
			containerPortal = B67A5D0D2A110010009005CD /* Project object */;
			proxyType = 1;
			remoteGlobalIDString = B67A5D142A110010009005CD;
			remoteInfo = "Guru Food";
		};
/* End PBXContainerItemProxy section */

/* Begin PBXFileReference section */
		291FA92FCA7EE8D7568C75EA /* Pods-Guru FoodTests.debug.xcconfig */ = {isa = PBXFileReference; includeInIndex = 1; lastKnownFileType = text.xcconfig; name = "Pods-Guru FoodTests.debug.xcconfig"; path = "Target Support Files/Pods-Guru FoodTests/Pods-Guru FoodTests.debug.xcconfig"; sourceTree = "<group>"; };
		403565CD1F885BBCEA1B9947 /* Pods_Guru_Food_Guru_FoodUITests.framework */ = {isa = PBXFileReference; explicitFileType = wrapper.framework; includeInIndex = 0; path = Pods_Guru_Food_Guru_FoodUITests.framework; sourceTree = BUILT_PRODUCTS_DIR; };
		5F6B7ECB78D8B0018D3B6824 /* Pods-Guru Food.release.xcconfig */ = {isa = PBXFileReference; includeInIndex = 1; lastKnownFileType = text.xcconfig; name = "Pods-Guru Food.release.xcconfig"; path = "Target Support Files/Pods-Guru Food/Pods-Guru Food.release.xcconfig"; sourceTree = "<group>"; };
		802682B569E1D8C82D25B7B6 /* Pods-Guru Food-Guru FoodUITests.release.xcconfig */ = {isa = PBXFileReference; includeInIndex = 1; lastKnownFileType = text.xcconfig; name = "Pods-Guru Food-Guru FoodUITests.release.xcconfig"; path = "Target Support Files/Pods-Guru Food-Guru FoodUITests/Pods-Guru Food-Guru FoodUITests.release.xcconfig"; sourceTree = "<group>"; };
		8565FA1F1D504CAACB756C5D /* Pods_Guru_Food.framework */ = {isa = PBXFileReference; explicitFileType = wrapper.framework; includeInIndex = 0; path = Pods_Guru_Food.framework; sourceTree = BUILT_PRODUCTS_DIR; };
		9A39A9ABF663A2F1C995DA38 /* Pods_Guru_FoodTests.framework */ = {isa = PBXFileReference; explicitFileType = wrapper.framework; includeInIndex = 0; path = Pods_Guru_FoodTests.framework; sourceTree = BUILT_PRODUCTS_DIR; };
		A1D7D95711EF7DCCCD0EBA5B /* Pods-Guru Food-Guru FoodUITests.debug.xcconfig */ = {isa = PBXFileReference; includeInIndex = 1; lastKnownFileType = text.xcconfig; name = "Pods-Guru Food-Guru FoodUITests.debug.xcconfig"; path = "Target Support Files/Pods-Guru Food-Guru FoodUITests/Pods-Guru Food-Guru FoodUITests.debug.xcconfig"; sourceTree = "<group>"; };
		B62CD5B02A23DAE000664E4C /* WelcomeView.swift */ = {isa = PBXFileReference; lastKnownFileType = sourcecode.swift; path = WelcomeView.swift; sourceTree = "<group>"; };
		B62CD5B22A23DAEC00664E4C /* WelcomeView.xib */ = {isa = PBXFileReference; lastKnownFileType = file.xib; path = WelcomeView.xib; sourceTree = "<group>"; };
		B62CD5B62A23DCC600664E4C /* Poppins-ExtraLight.ttf */ = {isa = PBXFileReference; lastKnownFileType = file; path = "Poppins-ExtraLight.ttf"; sourceTree = "<group>"; };
		B62CD5B72A23DCC600664E4C /* Poppins-ThinItalic.ttf */ = {isa = PBXFileReference; lastKnownFileType = file; path = "Poppins-ThinItalic.ttf"; sourceTree = "<group>"; };
		B62CD5B82A23DCC600664E4C /* Poppins-ExtraLightItalic.ttf */ = {isa = PBXFileReference; lastKnownFileType = file; path = "Poppins-ExtraLightItalic.ttf"; sourceTree = "<group>"; };
		B62CD5B92A23DCC600664E4C /* Poppins-BoldItalic.ttf */ = {isa = PBXFileReference; lastKnownFileType = file; path = "Poppins-BoldItalic.ttf"; sourceTree = "<group>"; };
		B62CD5BA2A23DCC600664E4C /* Poppins-Light.ttf */ = {isa = PBXFileReference; lastKnownFileType = file; path = "Poppins-Light.ttf"; sourceTree = "<group>"; };
		B62CD5BB2A23DCC600664E4C /* Poppins-Medium.ttf */ = {isa = PBXFileReference; lastKnownFileType = file; path = "Poppins-Medium.ttf"; sourceTree = "<group>"; };
		B62CD5BC2A23DCC600664E4C /* Poppins-SemiBoldItalic.ttf */ = {isa = PBXFileReference; lastKnownFileType = file; path = "Poppins-SemiBoldItalic.ttf"; sourceTree = "<group>"; };
		B62CD5BD2A23DCC600664E4C /* Poppins-ExtraBoldItalic.ttf */ = {isa = PBXFileReference; lastKnownFileType = file; path = "Poppins-ExtraBoldItalic.ttf"; sourceTree = "<group>"; };
		B62CD5BE2A23DCC600664E4C /* Poppins-ExtraBold.ttf */ = {isa = PBXFileReference; lastKnownFileType = file; path = "Poppins-ExtraBold.ttf"; sourceTree = "<group>"; };
		B62CD5BF2A23DCC600664E4C /* Poppins-BlackItalic.ttf */ = {isa = PBXFileReference; lastKnownFileType = file; path = "Poppins-BlackItalic.ttf"; sourceTree = "<group>"; };
		B62CD5C02A23DCC600664E4C /* OFL.txt */ = {isa = PBXFileReference; fileEncoding = 4; lastKnownFileType = text; path = OFL.txt; sourceTree = "<group>"; };
		B62CD5C12A23DCC600664E4C /* Poppins-Regular.ttf */ = {isa = PBXFileReference; lastKnownFileType = file; path = "Poppins-Regular.ttf"; sourceTree = "<group>"; };
		B62CD5C22A23DCC600664E4C /* Poppins-LightItalic.ttf */ = {isa = PBXFileReference; lastKnownFileType = file; path = "Poppins-LightItalic.ttf"; sourceTree = "<group>"; };
		B62CD5C32A23DCC600664E4C /* Poppins-Bold.ttf */ = {isa = PBXFileReference; lastKnownFileType = file; path = "Poppins-Bold.ttf"; sourceTree = "<group>"; };
		B62CD5C42A23DCC600664E4C /* Poppins-Black.ttf */ = {isa = PBXFileReference; lastKnownFileType = file; path = "Poppins-Black.ttf"; sourceTree = "<group>"; };
		B62CD5C52A23DCC600664E4C /* Poppins-Thin.ttf */ = {isa = PBXFileReference; lastKnownFileType = file; path = "Poppins-Thin.ttf"; sourceTree = "<group>"; };
		B62CD5C62A23DCC600664E4C /* Poppins-SemiBold.ttf */ = {isa = PBXFileReference; lastKnownFileType = file; path = "Poppins-SemiBold.ttf"; sourceTree = "<group>"; };
		B62CD5C72A23DCC600664E4C /* Poppins-Italic.ttf */ = {isa = PBXFileReference; lastKnownFileType = file; path = "Poppins-Italic.ttf"; sourceTree = "<group>"; };
		B62CD5C82A23DCC600664E4C /* Poppins-MediumItalic.ttf */ = {isa = PBXFileReference; lastKnownFileType = file; path = "Poppins-MediumItalic.ttf"; sourceTree = "<group>"; };
		B62CD5DE2A23DF9300664E4C /* UIImageViewEx.swift */ = {isa = PBXFileReference; lastKnownFileType = sourcecode.swift; path = UIImageViewEx.swift; sourceTree = "<group>"; };
		B67A5D152A110010009005CD /* Guru Food.app */ = {isa = PBXFileReference; explicitFileType = wrapper.application; includeInIndex = 0; path = "Guru Food.app"; sourceTree = BUILT_PRODUCTS_DIR; };
		B67A5D182A110010009005CD /* AppDelegate.swift */ = {isa = PBXFileReference; lastKnownFileType = sourcecode.swift; path = AppDelegate.swift; sourceTree = "<group>"; };
		B67A5D1A2A110010009005CD /* SceneDelegate.swift */ = {isa = PBXFileReference; lastKnownFileType = sourcecode.swift; path = SceneDelegate.swift; sourceTree = "<group>"; };
		B67A5D1C2A110010009005CD /* WelcomeScreenViewController.swift */ = {isa = PBXFileReference; lastKnownFileType = sourcecode.swift; path = WelcomeScreenViewController.swift; sourceTree = "<group>"; };
		B67A5D1F2A110010009005CD /* Base */ = {isa = PBXFileReference; lastKnownFileType = file.storyboard; name = Base; path = Base.lproj/WelcomeScreenViewController.storyboard; sourceTree = "<group>"; };
		B67A5D222A110010009005CD /* Guru_Food.xcdatamodel */ = {isa = PBXFileReference; lastKnownFileType = wrapper.xcdatamodel; path = Guru_Food.xcdatamodel; sourceTree = "<group>"; };
		B67A5D242A110013009005CD /* Assets.xcassets */ = {isa = PBXFileReference; lastKnownFileType = folder.assetcatalog; path = Assets.xcassets; sourceTree = "<group>"; };
		B67A5D272A110013009005CD /* Base */ = {isa = PBXFileReference; lastKnownFileType = file.storyboard; name = Base; path = Base.lproj/LaunchScreen.storyboard; sourceTree = "<group>"; };
		B67A5D292A110013009005CD /* Info.plist */ = {isa = PBXFileReference; lastKnownFileType = text.plist.xml; path = Info.plist; sourceTree = "<group>"; };
		B67A5D2E2A110014009005CD /* Guru FoodTests.xctest */ = {isa = PBXFileReference; explicitFileType = wrapper.cfbundle; includeInIndex = 0; path = "Guru FoodTests.xctest"; sourceTree = BUILT_PRODUCTS_DIR; };
		B67A5D322A110014009005CD /* Guru_FoodTests.swift */ = {isa = PBXFileReference; lastKnownFileType = sourcecode.swift; path = Guru_FoodTests.swift; sourceTree = "<group>"; };
		B67A5D382A110014009005CD /* Guru FoodUITests.xctest */ = {isa = PBXFileReference; explicitFileType = wrapper.cfbundle; includeInIndex = 0; path = "Guru FoodUITests.xctest"; sourceTree = BUILT_PRODUCTS_DIR; };
		B67A5D3C2A110014009005CD /* Guru_FoodUITests.swift */ = {isa = PBXFileReference; lastKnownFileType = sourcecode.swift; path = Guru_FoodUITests.swift; sourceTree = "<group>"; };
		B67A5D3E2A110014009005CD /* Guru_FoodUITestsLaunchTests.swift */ = {isa = PBXFileReference; lastKnownFileType = sourcecode.swift; path = Guru_FoodUITestsLaunchTests.swift; sourceTree = "<group>"; };
		B6AABB532A24F9AA00855EBF /* AppConstants.swift */ = {isa = PBXFileReference; lastKnownFileType = sourcecode.swift; path = AppConstants.swift; sourceTree = "<group>"; };
		B6AABB562A24FC1C00855EBF /* WelcomeModel.swift */ = {isa = PBXFileReference; lastKnownFileType = sourcecode.swift; path = WelcomeModel.swift; sourceTree = "<group>"; };
		B6AABB582A24FE3E00855EBF /* UIViewEx.swift */ = {isa = PBXFileReference; lastKnownFileType = sourcecode.swift; path = UIViewEx.swift; sourceTree = "<group>"; };
		B6ACDD362A25050E0006363F /* UIColorEx.swift */ = {isa = PBXFileReference; lastKnownFileType = sourcecode.swift; path = UIColorEx.swift; sourceTree = "<group>"; };
		B6B423152A251E9700E028E6 /* UIFontEx.swift */ = {isa = PBXFileReference; lastKnownFileType = sourcecode.swift; path = UIFontEx.swift; sourceTree = "<group>"; };
		B6B423192A2526AB00E028E6 /* Home.storyboard */ = {isa = PBXFileReference; lastKnownFileType = file.storyboard; path = Home.storyboard; sourceTree = "<group>"; };
		B6B4231B2A2526D700E028E6 /* HomeViewController.swift */ = {isa = PBXFileReference; lastKnownFileType = sourcecode.swift; path = HomeViewController.swift; sourceTree = "<group>"; };
		C2149F4CEEE808B73E30A0B5 /* Pods-Guru FoodTests.release.xcconfig */ = {isa = PBXFileReference; includeInIndex = 1; lastKnownFileType = text.xcconfig; name = "Pods-Guru FoodTests.release.xcconfig"; path = "Target Support Files/Pods-Guru FoodTests/Pods-Guru FoodTests.release.xcconfig"; sourceTree = "<group>"; };
		F7386046E2BA4717F4CB19ED /* Pods-Guru Food.debug.xcconfig */ = {isa = PBXFileReference; includeInIndex = 1; lastKnownFileType = text.xcconfig; name = "Pods-Guru Food.debug.xcconfig"; path = "Target Support Files/Pods-Guru Food/Pods-Guru Food.debug.xcconfig"; sourceTree = "<group>"; };
/* End PBXFileReference section */

/* Begin PBXFrameworksBuildPhase section */
		B67A5D122A110010009005CD /* Frameworks */ = {
			isa = PBXFrameworksBuildPhase;
			buildActionMask = 2147483647;
			files = (
				5E82E177E57FE330637653D5 /* Pods_Guru_Food.framework in Frameworks */,
			);
			runOnlyForDeploymentPostprocessing = 0;
		};
		B67A5D2B2A110014009005CD /* Frameworks */ = {
			isa = PBXFrameworksBuildPhase;
			buildActionMask = 2147483647;
			files = (
				BB940A1B097DBE0630A40E76 /* Pods_Guru_FoodTests.framework in Frameworks */,
			);
			runOnlyForDeploymentPostprocessing = 0;
		};
		B67A5D352A110014009005CD /* Frameworks */ = {
			isa = PBXFrameworksBuildPhase;
			buildActionMask = 2147483647;
			files = (
				2D10EB5776C1ECEC2A3C4716 /* Pods_Guru_Food_Guru_FoodUITests.framework in Frameworks */,
			);
			runOnlyForDeploymentPostprocessing = 0;
		};
/* End PBXFrameworksBuildPhase section */

/* Begin PBXGroup section */
		09D77EE9811101D2BAADAA90 /* Pods */ = {
			isa = PBXGroup;
			children = (
				F7386046E2BA4717F4CB19ED /* Pods-Guru Food.debug.xcconfig */,
				5F6B7ECB78D8B0018D3B6824 /* Pods-Guru Food.release.xcconfig */,
				A1D7D95711EF7DCCCD0EBA5B /* Pods-Guru Food-Guru FoodUITests.debug.xcconfig */,
				802682B569E1D8C82D25B7B6 /* Pods-Guru Food-Guru FoodUITests.release.xcconfig */,
				291FA92FCA7EE8D7568C75EA /* Pods-Guru FoodTests.debug.xcconfig */,
				C2149F4CEEE808B73E30A0B5 /* Pods-Guru FoodTests.release.xcconfig */,
			);
			path = Pods;
			sourceTree = "<group>";
		};
		B62CD5AF2A23DA9E00664E4C /* Views */ = {
			isa = PBXGroup;
			children = (
				B62CD5B02A23DAE000664E4C /* WelcomeView.swift */,
				B62CD5B22A23DAEC00664E4C /* WelcomeView.xib */,
			);
			path = Views;
			sourceTree = "<group>";
		};
		B62CD5B42A23DC3D00664E4C /* Fonts */ = {
			isa = PBXGroup;
			children = (
				B62CD5B52A23DCC600664E4C /* Poppins */,
			);
			path = Fonts;
			sourceTree = "<group>";
		};
		B62CD5B52A23DCC600664E4C /* Poppins */ = {
			isa = PBXGroup;
			children = (
				B62CD5B62A23DCC600664E4C /* Poppins-ExtraLight.ttf */,
				B62CD5B72A23DCC600664E4C /* Poppins-ThinItalic.ttf */,
				B62CD5B82A23DCC600664E4C /* Poppins-ExtraLightItalic.ttf */,
				B62CD5B92A23DCC600664E4C /* Poppins-BoldItalic.ttf */,
				B62CD5BA2A23DCC600664E4C /* Poppins-Light.ttf */,
				B62CD5BB2A23DCC600664E4C /* Poppins-Medium.ttf */,
				B62CD5BC2A23DCC600664E4C /* Poppins-SemiBoldItalic.ttf */,
				B62CD5BD2A23DCC600664E4C /* Poppins-ExtraBoldItalic.ttf */,
				B62CD5BE2A23DCC600664E4C /* Poppins-ExtraBold.ttf */,
				B62CD5BF2A23DCC600664E4C /* Poppins-BlackItalic.ttf */,
				B62CD5C02A23DCC600664E4C /* OFL.txt */,
				B62CD5C12A23DCC600664E4C /* Poppins-Regular.ttf */,
				B62CD5C22A23DCC600664E4C /* Poppins-LightItalic.ttf */,
				B62CD5C32A23DCC600664E4C /* Poppins-Bold.ttf */,
				B62CD5C42A23DCC600664E4C /* Poppins-Black.ttf */,
				B62CD5C52A23DCC600664E4C /* Poppins-Thin.ttf */,
				B62CD5C62A23DCC600664E4C /* Poppins-SemiBold.ttf */,
				B62CD5C72A23DCC600664E4C /* Poppins-Italic.ttf */,
				B62CD5C82A23DCC600664E4C /* Poppins-MediumItalic.ttf */,
			);
			path = Poppins;
			sourceTree = "<group>";
		};
		B62CD5DC2A23DF6800664E4C /* Utilities */ = {
			isa = PBXGroup;
			children = (
				B6AABB522A24F99800855EBF /* AppConstants */,
				B62CD5DD2A23DF7E00664E4C /* UIExtensions */,
			);
			path = Utilities;
			sourceTree = "<group>";
		};
		B62CD5DD2A23DF7E00664E4C /* UIExtensions */ = {
			isa = PBXGroup;
			children = (
				B62CD5DE2A23DF9300664E4C /* UIImageViewEx.swift */,
				B6AABB582A24FE3E00855EBF /* UIViewEx.swift */,
				B6ACDD362A25050E0006363F /* UIColorEx.swift */,
				B6B423152A251E9700E028E6 /* UIFontEx.swift */,
			);
			path = UIExtensions;
			sourceTree = "<group>";
		};
		B62CD5E12A23EAC500664E4C /* Home */ = {
			isa = PBXGroup;
			children = (
				B6B423182A25269200E028E6 /* Views */,
				B6B423172A25268600E028E6 /* Model */,
				B6B423192A2526AB00E028E6 /* Home.storyboard */,
				B6B4231B2A2526D700E028E6 /* HomeViewController.swift */,
			);
			path = Home;
			sourceTree = "<group>";
		};
		B67A5D0C2A110010009005CD = {
			isa = PBXGroup;
			children = (
				B67A5D172A110010009005CD /* Guru Food */,
				B67A5D312A110014009005CD /* Guru FoodTests */,
				B67A5D3B2A110014009005CD /* Guru FoodUITests */,
				B67A5D162A110010009005CD /* Products */,
				09D77EE9811101D2BAADAA90 /* Pods */,
				DDBF23EFF37D45842932A618 /* Frameworks */,
			);
			sourceTree = "<group>";
		};
		B67A5D162A110010009005CD /* Products */ = {
			isa = PBXGroup;
			children = (
				B67A5D152A110010009005CD /* Guru Food.app */,
				B67A5D2E2A110014009005CD /* Guru FoodTests.xctest */,
				B67A5D382A110014009005CD /* Guru FoodUITests.xctest */,
			);
			name = Products;
			sourceTree = "<group>";
		};
		B67A5D172A110010009005CD /* Guru Food */ = {
			isa = PBXGroup;
			children = (
				B67A5D512A11108E009005CD /* AppCore */,
				B67A5D4E2A110883009005CD /* Modules */,
				B67A5D4C2A110377009005CD /* Resources */,
				B67A5D522A111DB1009005CD /* CoreData */,
				B67A5D4B2A11030B009005CD /* AppDelegates */,
			);
			path = "Guru Food";
			sourceTree = "<group>";
		};
		B67A5D312A110014009005CD /* Guru FoodTests */ = {
			isa = PBXGroup;
			children = (
				B67A5D322A110014009005CD /* Guru_FoodTests.swift */,
			);
			path = "Guru FoodTests";
			sourceTree = "<group>";
		};
		B67A5D3B2A110014009005CD /* Guru FoodUITests */ = {
			isa = PBXGroup;
			children = (
				B67A5D3C2A110014009005CD /* Guru_FoodUITests.swift */,
				B67A5D3E2A110014009005CD /* Guru_FoodUITestsLaunchTests.swift */,
			);
			path = "Guru FoodUITests";
			sourceTree = "<group>";
		};
		B67A5D4B2A11030B009005CD /* AppDelegates */ = {
			isa = PBXGroup;
			children = (
				B67A5D1A2A110010009005CD /* SceneDelegate.swift */,
				B67A5D182A110010009005CD /* AppDelegate.swift */,
			);
			path = AppDelegates;
			sourceTree = "<group>";
		};
		B67A5D4C2A110377009005CD /* Resources */ = {
			isa = PBXGroup;
			children = (
				B62CD5B42A23DC3D00664E4C /* Fonts */,
				B67A5D292A110013009005CD /* Info.plist */,
				B67A5D242A110013009005CD /* Assets.xcassets */,
				B67A5D4D2A110492009005CD /* LaunchScreen */,
			);
			path = Resources;
			sourceTree = "<group>";
		};
		B67A5D4D2A110492009005CD /* LaunchScreen */ = {
			isa = PBXGroup;
			children = (
				B67A5D262A110013009005CD /* LaunchScreen.storyboard */,
			);
			path = LaunchScreen;
			sourceTree = "<group>";
		};
		B67A5D4E2A110883009005CD /* Modules */ = {
			isa = PBXGroup;
			children = (
				B67A5D532A111DF8009005CD /* WelcomeScreen */,
				B62CD5E12A23EAC500664E4C /* Home */,
				B67A5D552A111E10009005CD /* Favourites */,
				B67A5D562A111E33009005CD /* RecipeDetails */,
			);
			path = Modules;
			sourceTree = "<group>";
		};
		B67A5D512A11108E009005CD /* AppCore */ = {
			isa = PBXGroup;
			children = (
				B62CD5DC2A23DF6800664E4C /* Utilities */,
			);
			path = AppCore;
			sourceTree = "<group>";
		};
		B67A5D522A111DB1009005CD /* CoreData */ = {
			isa = PBXGroup;
			children = (
				B67A5D212A110010009005CD /* Guru_Food.xcdatamodeld */,
			);
			path = CoreData;
			sourceTree = "<group>";
		};
		B67A5D532A111DF8009005CD /* WelcomeScreen */ = {
			isa = PBXGroup;
			children = (
				B6AABB552A24FC0300855EBF /* Model */,
				B62CD5AF2A23DA9E00664E4C /* Views */,
				B67A5D1E2A110010009005CD /* WelcomeScreenViewController.storyboard */,
				B67A5D1C2A110010009005CD /* WelcomeScreenViewController.swift */,
			);
			path = WelcomeScreen;
			sourceTree = "<group>";
		};
		B67A5D552A111E10009005CD /* Favourites */ = {
			isa = PBXGroup;
			children = (
			);
			path = Favourites;
			sourceTree = "<group>";
		};
		B67A5D562A111E33009005CD /* RecipeDetails */ = {
			isa = PBXGroup;
			children = (
			);
			path = RecipeDetails;
			sourceTree = "<group>";
		};
		B6AABB522A24F99800855EBF /* AppConstants */ = {
			isa = PBXGroup;
			children = (
				B6AABB532A24F9AA00855EBF /* AppConstants.swift */,
			);
			path = AppConstants;
			sourceTree = "<group>";
		};
		B6AABB552A24FC0300855EBF /* Model */ = {
			isa = PBXGroup;
			children = (
				B6AABB562A24FC1C00855EBF /* WelcomeModel.swift */,
			);
			path = Model;
			sourceTree = "<group>";
		};
		B6B423172A25268600E028E6 /* Model */ = {
			isa = PBXGroup;
			children = (
			);
			path = Model;
			sourceTree = "<group>";
		};
		B6B423182A25269200E028E6 /* Views */ = {
			isa = PBXGroup;
			children = (
			);
			path = Views;
			sourceTree = "<group>";
		};
		DDBF23EFF37D45842932A618 /* Frameworks */ = {
			isa = PBXGroup;
			children = (
				8565FA1F1D504CAACB756C5D /* Pods_Guru_Food.framework */,
				403565CD1F885BBCEA1B9947 /* Pods_Guru_Food_Guru_FoodUITests.framework */,
				9A39A9ABF663A2F1C995DA38 /* Pods_Guru_FoodTests.framework */,
			);
			name = Frameworks;
			sourceTree = "<group>";
		};
/* End PBXGroup section */

/* Begin PBXNativeTarget section */
		B67A5D142A110010009005CD /* Guru Food */ = {
			isa = PBXNativeTarget;
			buildConfigurationList = B67A5D422A110014009005CD /* Build configuration list for PBXNativeTarget "Guru Food" */;
			buildPhases = (
				DD191751B34E3A103131F29E /* [CP] Check Pods Manifest.lock */,
				B62CD5AC2A23C7C900664E4C /* Run Script */,
				B67A5D112A110010009005CD /* Sources */,
				B67A5D122A110010009005CD /* Frameworks */,
				B67A5D132A110010009005CD /* Resources */,
				1BF0BA95F7F1470D8CE0410C /* [CP] Embed Pods Frameworks */,
			);
			buildRules = (
			);
			dependencies = (
			);
			name = "Guru Food";
			productName = "Guru Food";
			productReference = B67A5D152A110010009005CD /* Guru Food.app */;
			productType = "com.apple.product-type.application";
		};
		B67A5D2D2A110014009005CD /* Guru FoodTests */ = {
			isa = PBXNativeTarget;
			buildConfigurationList = B67A5D452A110014009005CD /* Build configuration list for PBXNativeTarget "Guru FoodTests" */;
			buildPhases = (
				B2243F0EB1BA78EB38234EF3 /* [CP] Check Pods Manifest.lock */,
				B67A5D2A2A110014009005CD /* Sources */,
				B67A5D2B2A110014009005CD /* Frameworks */,
				B67A5D2C2A110014009005CD /* Resources */,
			);
			buildRules = (
			);
			dependencies = (
				B67A5D302A110014009005CD /* PBXTargetDependency */,
			);
			name = "Guru FoodTests";
			productName = "Guru FoodTests";
			productReference = B67A5D2E2A110014009005CD /* Guru FoodTests.xctest */;
			productType = "com.apple.product-type.bundle.unit-test";
		};
		B67A5D372A110014009005CD /* Guru FoodUITests */ = {
			isa = PBXNativeTarget;
			buildConfigurationList = B67A5D482A110014009005CD /* Build configuration list for PBXNativeTarget "Guru FoodUITests" */;
			buildPhases = (
				DAC502C4BEF4A30327ED7962 /* [CP] Check Pods Manifest.lock */,
				B67A5D342A110014009005CD /* Sources */,
				B67A5D352A110014009005CD /* Frameworks */,
				B67A5D362A110014009005CD /* Resources */,
				0699BA776DEFADCC41262BCD /* [CP] Embed Pods Frameworks */,
			);
			buildRules = (
			);
			dependencies = (
				B67A5D3A2A110014009005CD /* PBXTargetDependency */,
			);
			name = "Guru FoodUITests";
			productName = "Guru FoodUITests";
			productReference = B67A5D382A110014009005CD /* Guru FoodUITests.xctest */;
			productType = "com.apple.product-type.bundle.ui-testing";
		};
/* End PBXNativeTarget section */

/* Begin PBXProject section */
		B67A5D0D2A110010009005CD /* Project object */ = {
			isa = PBXProject;
			attributes = {
				BuildIndependentTargetsInParallel = 1;
				LastSwiftUpdateCheck = 1420;
				LastUpgradeCheck = 1420;
				TargetAttributes = {
					B67A5D142A110010009005CD = {
						CreatedOnToolsVersion = 14.2;
					};
					B67A5D2D2A110014009005CD = {
						CreatedOnToolsVersion = 14.2;
						TestTargetID = B67A5D142A110010009005CD;
					};
					B67A5D372A110014009005CD = {
						CreatedOnToolsVersion = 14.2;
						TestTargetID = B67A5D142A110010009005CD;
					};
				};
			};
			buildConfigurationList = B67A5D102A110010009005CD /* Build configuration list for PBXProject "Guru Food" */;
			compatibilityVersion = "Xcode 14.0";
			developmentRegion = en;
			hasScannedForEncodings = 0;
			knownRegions = (
				en,
				Base,
			);
			mainGroup = B67A5D0C2A110010009005CD;
			productRefGroup = B67A5D162A110010009005CD /* Products */;
			projectDirPath = "";
			projectRoot = "";
			targets = (
				B67A5D142A110010009005CD /* Guru Food */,
				B67A5D2D2A110014009005CD /* Guru FoodTests */,
				B67A5D372A110014009005CD /* Guru FoodUITests */,
			);
		};
/* End PBXProject section */

/* Begin PBXResourcesBuildPhase section */
		B67A5D132A110010009005CD /* Resources */ = {
			isa = PBXResourcesBuildPhase;
			buildActionMask = 2147483647;
			files = (
				B62CD5D52A23DCC600664E4C /* Poppins-LightItalic.ttf in Resources */,
				B62CD5D62A23DCC600664E4C /* Poppins-Bold.ttf in Resources */,
				B62CD5D32A23DCC600664E4C /* OFL.txt in Resources */,
				B62CD5D02A23DCC600664E4C /* Poppins-ExtraBoldItalic.ttf in Resources */,
				B62CD5CF2A23DCC600664E4C /* Poppins-SemiBoldItalic.ttf in Resources */,
				B62CD5D72A23DCC600664E4C /* Poppins-Black.ttf in Resources */,
				B62CD5C92A23DCC600664E4C /* Poppins-ExtraLight.ttf in Resources */,
				B62CD5CD2A23DCC600664E4C /* Poppins-Light.ttf in Resources */,
				B62CD5CB2A23DCC600664E4C /* Poppins-ExtraLightItalic.ttf in Resources */,
				B62CD5D82A23DCC600664E4C /* Poppins-Thin.ttf in Resources */,
				B67A5D282A110013009005CD /* LaunchScreen.storyboard in Resources */,
				B62CD5D42A23DCC600664E4C /* Poppins-Regular.ttf in Resources */,
				B67A5D252A110013009005CD /* Assets.xcassets in Resources */,
				B62CD5CA2A23DCC600664E4C /* Poppins-ThinItalic.ttf in Resources */,
				B62CD5D22A23DCC600664E4C /* Poppins-BlackItalic.ttf in Resources */,
				B6B4231A2A2526AB00E028E6 /* Home.storyboard in Resources */,
				B62CD5D92A23DCC600664E4C /* Poppins-SemiBold.ttf in Resources */,
				B67A5D202A110010009005CD /* WelcomeScreenViewController.storyboard in Resources */,
				B62CD5B32A23DAEC00664E4C /* WelcomeView.xib in Resources */,
				B62CD5DA2A23DCC600664E4C /* Poppins-Italic.ttf in Resources */,
				B62CD5CC2A23DCC600664E4C /* Poppins-BoldItalic.ttf in Resources */,
				B62CD5CE2A23DCC600664E4C /* Poppins-Medium.ttf in Resources */,
				B62CD5DB2A23DCC600664E4C /* Poppins-MediumItalic.ttf in Resources */,
				B62CD5D12A23DCC600664E4C /* Poppins-ExtraBold.ttf in Resources */,
			);
			runOnlyForDeploymentPostprocessing = 0;
		};
		B67A5D2C2A110014009005CD /* Resources */ = {
			isa = PBXResourcesBuildPhase;
			buildActionMask = 2147483647;
			files = (
			);
			runOnlyForDeploymentPostprocessing = 0;
		};
		B67A5D362A110014009005CD /* Resources */ = {
			isa = PBXResourcesBuildPhase;
			buildActionMask = 2147483647;
			files = (
			);
			runOnlyForDeploymentPostprocessing = 0;
		};
/* End PBXResourcesBuildPhase section */

/* Begin PBXShellScriptBuildPhase section */
		0699BA776DEFADCC41262BCD /* [CP] Embed Pods Frameworks */ = {
			isa = PBXShellScriptBuildPhase;
			buildActionMask = 2147483647;
			files = (
			);
			inputFileListPaths = (
				"${PODS_ROOT}/Target Support Files/Pods-Guru Food-Guru FoodUITests/Pods-Guru Food-Guru FoodUITests-frameworks-${CONFIGURATION}-input-files.xcfilelist",
			);
			name = "[CP] Embed Pods Frameworks";
			outputFileListPaths = (
				"${PODS_ROOT}/Target Support Files/Pods-Guru Food-Guru FoodUITests/Pods-Guru Food-Guru FoodUITests-frameworks-${CONFIGURATION}-output-files.xcfilelist",
			);
			runOnlyForDeploymentPostprocessing = 0;
			shellPath = /bin/sh;
			shellScript = "\"${PODS_ROOT}/Target Support Files/Pods-Guru Food-Guru FoodUITests/Pods-Guru Food-Guru FoodUITests-frameworks.sh\"\n";
			showEnvVarsInLog = 0;
		};
		1BF0BA95F7F1470D8CE0410C /* [CP] Embed Pods Frameworks */ = {
			isa = PBXShellScriptBuildPhase;
			buildActionMask = 2147483647;
			files = (
			);
			inputFileListPaths = (
				"${PODS_ROOT}/Target Support Files/Pods-Guru Food/Pods-Guru Food-frameworks-${CONFIGURATION}-input-files.xcfilelist",
			);
			name = "[CP] Embed Pods Frameworks";
			outputFileListPaths = (
				"${PODS_ROOT}/Target Support Files/Pods-Guru Food/Pods-Guru Food-frameworks-${CONFIGURATION}-output-files.xcfilelist",
			);
			runOnlyForDeploymentPostprocessing = 0;
			shellPath = /bin/sh;
			shellScript = "\"${PODS_ROOT}/Target Support Files/Pods-Guru Food/Pods-Guru Food-frameworks.sh\"\n";
			showEnvVarsInLog = 0;
		};
		B2243F0EB1BA78EB38234EF3 /* [CP] Check Pods Manifest.lock */ = {
			isa = PBXShellScriptBuildPhase;
			buildActionMask = 2147483647;
			files = (
			);
			inputFileListPaths = (
			);
			inputPaths = (
				"${PODS_PODFILE_DIR_PATH}/Podfile.lock",
				"${PODS_ROOT}/Manifest.lock",
			);
			name = "[CP] Check Pods Manifest.lock";
			outputFileListPaths = (
			);
			outputPaths = (
				"$(DERIVED_FILE_DIR)/Pods-Guru FoodTests-checkManifestLockResult.txt",
			);
			runOnlyForDeploymentPostprocessing = 0;
			shellPath = /bin/sh;
			shellScript = "diff \"${PODS_PODFILE_DIR_PATH}/Podfile.lock\" \"${PODS_ROOT}/Manifest.lock\" > /dev/null\nif [ $? != 0 ] ; then\n    # print error to STDERR\n    echo \"error: The sandbox is not in sync with the Podfile.lock. Run 'pod install' or update your CocoaPods installation.\" >&2\n    exit 1\nfi\n# This output is used by Xcode 'outputs' to avoid re-running this script phase.\necho \"SUCCESS\" > \"${SCRIPT_OUTPUT_FILE_0}\"\n";
			showEnvVarsInLog = 0;
		};
		B62CD5AC2A23C7C900664E4C /* Run Script */ = {
			isa = PBXShellScriptBuildPhase;
			buildActionMask = 2147483647;
			files = (
			);
			inputFileListPaths = (
			);
			inputPaths = (
			);
			name = "Run Script";
			outputFileListPaths = (
			);
			outputPaths = (
			);
			runOnlyForDeploymentPostprocessing = 0;
			shellPath = /bin/sh;
			shellScript = "if [[ \"$(uname -m)\" == arm64 ]]; then\n    export PATH=\"/opt/homebrew/bin:$PATH\"\nfi\n\nif which swiftlint > /dev/null; then\n  swiftlint\nelse\n  echo \"warning: SwiftLint not installed, download from https://github.com/realm/SwiftLint\"\nfi\n";
		};
		DAC502C4BEF4A30327ED7962 /* [CP] Check Pods Manifest.lock */ = {
			isa = PBXShellScriptBuildPhase;
			buildActionMask = 2147483647;
			files = (
			);
			inputFileListPaths = (
			);
			inputPaths = (
				"${PODS_PODFILE_DIR_PATH}/Podfile.lock",
				"${PODS_ROOT}/Manifest.lock",
			);
			name = "[CP] Check Pods Manifest.lock";
			outputFileListPaths = (
			);
			outputPaths = (
				"$(DERIVED_FILE_DIR)/Pods-Guru Food-Guru FoodUITests-checkManifestLockResult.txt",
			);
			runOnlyForDeploymentPostprocessing = 0;
			shellPath = /bin/sh;
			shellScript = "diff \"${PODS_PODFILE_DIR_PATH}/Podfile.lock\" \"${PODS_ROOT}/Manifest.lock\" > /dev/null\nif [ $? != 0 ] ; then\n    # print error to STDERR\n    echo \"error: The sandbox is not in sync with the Podfile.lock. Run 'pod install' or update your CocoaPods installation.\" >&2\n    exit 1\nfi\n# This output is used by Xcode 'outputs' to avoid re-running this script phase.\necho \"SUCCESS\" > \"${SCRIPT_OUTPUT_FILE_0}\"\n";
			showEnvVarsInLog = 0;
		};
		DD191751B34E3A103131F29E /* [CP] Check Pods Manifest.lock */ = {
			isa = PBXShellScriptBuildPhase;
			buildActionMask = 2147483647;
			files = (
			);
			inputFileListPaths = (
			);
			inputPaths = (
				"${PODS_PODFILE_DIR_PATH}/Podfile.lock",
				"${PODS_ROOT}/Manifest.lock",
			);
			name = "[CP] Check Pods Manifest.lock";
			outputFileListPaths = (
			);
			outputPaths = (
				"$(DERIVED_FILE_DIR)/Pods-Guru Food-checkManifestLockResult.txt",
			);
			runOnlyForDeploymentPostprocessing = 0;
			shellPath = /bin/sh;
			shellScript = "diff \"${PODS_PODFILE_DIR_PATH}/Podfile.lock\" \"${PODS_ROOT}/Manifest.lock\" > /dev/null\nif [ $? != 0 ] ; then\n    # print error to STDERR\n    echo \"error: The sandbox is not in sync with the Podfile.lock. Run 'pod install' or update your CocoaPods installation.\" >&2\n    exit 1\nfi\n# This output is used by Xcode 'outputs' to avoid re-running this script phase.\necho \"SUCCESS\" > \"${SCRIPT_OUTPUT_FILE_0}\"\n";
			showEnvVarsInLog = 0;
		};
/* End PBXShellScriptBuildPhase section */

/* Begin PBXSourcesBuildPhase section */
		B67A5D112A110010009005CD /* Sources */ = {
			isa = PBXSourcesBuildPhase;
			buildActionMask = 2147483647;
			files = (
				B62CD5B12A23DAE000664E4C /* WelcomeView.swift in Sources */,
				B67A5D232A110010009005CD /* Guru_Food.xcdatamodeld in Sources */,
				B6B423162A251E9700E028E6 /* UIFontEx.swift in Sources */,
				B6AABB592A24FE3E00855EBF /* UIViewEx.swift in Sources */,
				B6AABB572A24FC1C00855EBF /* WelcomeModel.swift in Sources */,
				B62CD5DF2A23DF9300664E4C /* UIImageViewEx.swift in Sources */,
				B67A5D1D2A110010009005CD /* WelcomeScreenViewController.swift in Sources */,
				B6AABB542A24F9AA00855EBF /* AppConstants.swift in Sources */,
				B67A5D192A110010009005CD /* AppDelegate.swift in Sources */,
				B6ACDD372A25050E0006363F /* UIColorEx.swift in Sources */,
				B67A5D1B2A110010009005CD /* SceneDelegate.swift in Sources */,
				B6B4231C2A2526D700E028E6 /* HomeViewController.swift in Sources */,
			);
			runOnlyForDeploymentPostprocessing = 0;
		};
		B67A5D2A2A110014009005CD /* Sources */ = {
			isa = PBXSourcesBuildPhase;
			buildActionMask = 2147483647;
			files = (
				B67A5D332A110014009005CD /* Guru_FoodTests.swift in Sources */,
			);
			runOnlyForDeploymentPostprocessing = 0;
		};
		B67A5D342A110014009005CD /* Sources */ = {
			isa = PBXSourcesBuildPhase;
			buildActionMask = 2147483647;
			files = (
				B67A5D3D2A110014009005CD /* Guru_FoodUITests.swift in Sources */,
				B67A5D3F2A110014009005CD /* Guru_FoodUITestsLaunchTests.swift in Sources */,
			);
			runOnlyForDeploymentPostprocessing = 0;
		};
/* End PBXSourcesBuildPhase section */

/* Begin PBXTargetDependency section */
		B67A5D302A110014009005CD /* PBXTargetDependency */ = {
			isa = PBXTargetDependency;
			target = B67A5D142A110010009005CD /* Guru Food */;
			targetProxy = B67A5D2F2A110014009005CD /* PBXContainerItemProxy */;
		};
		B67A5D3A2A110014009005CD /* PBXTargetDependency */ = {
			isa = PBXTargetDependency;
			target = B67A5D142A110010009005CD /* Guru Food */;
			targetProxy = B67A5D392A110014009005CD /* PBXContainerItemProxy */;
		};
/* End PBXTargetDependency section */

/* Begin PBXVariantGroup section */
		B67A5D1E2A110010009005CD /* WelcomeScreenViewController.storyboard */ = {
			isa = PBXVariantGroup;
			children = (
				B67A5D1F2A110010009005CD /* Base */,
			);
			name = WelcomeScreenViewController.storyboard;
			sourceTree = "<group>";
		};
		B67A5D262A110013009005CD /* LaunchScreen.storyboard */ = {
			isa = PBXVariantGroup;
			children = (
				B67A5D272A110013009005CD /* Base */,
			);
			name = LaunchScreen.storyboard;
			sourceTree = "<group>";
		};
/* End PBXVariantGroup section */

/* Begin XCBuildConfiguration section */
		B67A5D402A110014009005CD /* Debug */ = {
			isa = XCBuildConfiguration;
			buildSettings = {
				ALWAYS_SEARCH_USER_PATHS = NO;
				CLANG_ANALYZER_NONNULL = YES;
				CLANG_ANALYZER_NUMBER_OBJECT_CONVERSION = YES_AGGRESSIVE;
				CLANG_CXX_LANGUAGE_STANDARD = "gnu++20";
				CLANG_ENABLE_MODULES = YES;
				CLANG_ENABLE_OBJC_ARC = YES;
				CLANG_ENABLE_OBJC_WEAK = YES;
				CLANG_WARN_BLOCK_CAPTURE_AUTORELEASING = YES;
				CLANG_WARN_BOOL_CONVERSION = YES;
				CLANG_WARN_COMMA = YES;
				CLANG_WARN_CONSTANT_CONVERSION = YES;
				CLANG_WARN_DEPRECATED_OBJC_IMPLEMENTATIONS = YES;
				CLANG_WARN_DIRECT_OBJC_ISA_USAGE = YES_ERROR;
				CLANG_WARN_DOCUMENTATION_COMMENTS = YES;
				CLANG_WARN_EMPTY_BODY = YES;
				CLANG_WARN_ENUM_CONVERSION = YES;
				CLANG_WARN_INFINITE_RECURSION = YES;
				CLANG_WARN_INT_CONVERSION = YES;
				CLANG_WARN_NON_LITERAL_NULL_CONVERSION = YES;
				CLANG_WARN_OBJC_IMPLICIT_RETAIN_SELF = YES;
				CLANG_WARN_OBJC_LITERAL_CONVERSION = YES;
				CLANG_WARN_OBJC_ROOT_CLASS = YES_ERROR;
				CLANG_WARN_QUOTED_INCLUDE_IN_FRAMEWORK_HEADER = YES;
				CLANG_WARN_RANGE_LOOP_ANALYSIS = YES;
				CLANG_WARN_STRICT_PROTOTYPES = YES;
				CLANG_WARN_SUSPICIOUS_MOVE = YES;
				CLANG_WARN_UNGUARDED_AVAILABILITY = YES_AGGRESSIVE;
				CLANG_WARN_UNREACHABLE_CODE = YES;
				CLANG_WARN__DUPLICATE_METHOD_MATCH = YES;
				COPY_PHASE_STRIP = NO;
				DEBUG_INFORMATION_FORMAT = dwarf;
				ENABLE_STRICT_OBJC_MSGSEND = YES;
				ENABLE_TESTABILITY = YES;
				GCC_C_LANGUAGE_STANDARD = gnu11;
				GCC_DYNAMIC_NO_PIC = NO;
				GCC_NO_COMMON_BLOCKS = YES;
				GCC_OPTIMIZATION_LEVEL = 0;
				GCC_PREPROCESSOR_DEFINITIONS = (
					"DEBUG=1",
					"$(inherited)",
				);
				GCC_WARN_64_TO_32_BIT_CONVERSION = YES;
				GCC_WARN_ABOUT_RETURN_TYPE = YES_ERROR;
				GCC_WARN_UNDECLARED_SELECTOR = YES;
				GCC_WARN_UNINITIALIZED_AUTOS = YES_AGGRESSIVE;
				GCC_WARN_UNUSED_FUNCTION = YES;
				GCC_WARN_UNUSED_VARIABLE = YES;
				INFOPLIST_FILE = "";
				IPHONEOS_DEPLOYMENT_TARGET = 16.2;
				MTL_ENABLE_DEBUG_INFO = INCLUDE_SOURCE;
				MTL_FAST_MATH = YES;
				ONLY_ACTIVE_ARCH = YES;
				SDKROOT = iphoneos;
				SWIFT_ACTIVE_COMPILATION_CONDITIONS = DEBUG;
				SWIFT_OPTIMIZATION_LEVEL = "-Onone";
			};
			name = Debug;
		};
		B67A5D412A110014009005CD /* Release */ = {
			isa = XCBuildConfiguration;
			buildSettings = {
				ALWAYS_SEARCH_USER_PATHS = NO;
				CLANG_ANALYZER_NONNULL = YES;
				CLANG_ANALYZER_NUMBER_OBJECT_CONVERSION = YES_AGGRESSIVE;
				CLANG_CXX_LANGUAGE_STANDARD = "gnu++20";
				CLANG_ENABLE_MODULES = YES;
				CLANG_ENABLE_OBJC_ARC = YES;
				CLANG_ENABLE_OBJC_WEAK = YES;
				CLANG_WARN_BLOCK_CAPTURE_AUTORELEASING = YES;
				CLANG_WARN_BOOL_CONVERSION = YES;
				CLANG_WARN_COMMA = YES;
				CLANG_WARN_CONSTANT_CONVERSION = YES;
				CLANG_WARN_DEPRECATED_OBJC_IMPLEMENTATIONS = YES;
				CLANG_WARN_DIRECT_OBJC_ISA_USAGE = YES_ERROR;
				CLANG_WARN_DOCUMENTATION_COMMENTS = YES;
				CLANG_WARN_EMPTY_BODY = YES;
				CLANG_WARN_ENUM_CONVERSION = YES;
				CLANG_WARN_INFINITE_RECURSION = YES;
				CLANG_WARN_INT_CONVERSION = YES;
				CLANG_WARN_NON_LITERAL_NULL_CONVERSION = YES;
				CLANG_WARN_OBJC_IMPLICIT_RETAIN_SELF = YES;
				CLANG_WARN_OBJC_LITERAL_CONVERSION = YES;
				CLANG_WARN_OBJC_ROOT_CLASS = YES_ERROR;
				CLANG_WARN_QUOTED_INCLUDE_IN_FRAMEWORK_HEADER = YES;
				CLANG_WARN_RANGE_LOOP_ANALYSIS = YES;
				CLANG_WARN_STRICT_PROTOTYPES = YES;
				CLANG_WARN_SUSPICIOUS_MOVE = YES;
				CLANG_WARN_UNGUARDED_AVAILABILITY = YES_AGGRESSIVE;
				CLANG_WARN_UNREACHABLE_CODE = YES;
				CLANG_WARN__DUPLICATE_METHOD_MATCH = YES;
				COPY_PHASE_STRIP = NO;
				DEBUG_INFORMATION_FORMAT = "dwarf-with-dsym";
				ENABLE_NS_ASSERTIONS = NO;
				ENABLE_STRICT_OBJC_MSGSEND = YES;
				GCC_C_LANGUAGE_STANDARD = gnu11;
				GCC_NO_COMMON_BLOCKS = YES;
				GCC_WARN_64_TO_32_BIT_CONVERSION = YES;
				GCC_WARN_ABOUT_RETURN_TYPE = YES_ERROR;
				GCC_WARN_UNDECLARED_SELECTOR = YES;
				GCC_WARN_UNINITIALIZED_AUTOS = YES_AGGRESSIVE;
				GCC_WARN_UNUSED_FUNCTION = YES;
				GCC_WARN_UNUSED_VARIABLE = YES;
				INFOPLIST_FILE = "";
				IPHONEOS_DEPLOYMENT_TARGET = 16.2;
				MTL_ENABLE_DEBUG_INFO = NO;
				MTL_FAST_MATH = YES;
				SDKROOT = iphoneos;
				SWIFT_COMPILATION_MODE = wholemodule;
				SWIFT_OPTIMIZATION_LEVEL = "-O";
				VALIDATE_PRODUCT = YES;
			};
			name = Release;
		};
		B67A5D432A110014009005CD /* Debug */ = {
			isa = XCBuildConfiguration;
			baseConfigurationReference = F7386046E2BA4717F4CB19ED /* Pods-Guru Food.debug.xcconfig */;
			buildSettings = {
				ASSETCATALOG_COMPILER_APPICON_NAME = AppIcon;
				ASSETCATALOG_COMPILER_GLOBAL_ACCENT_COLOR_NAME = AccentColor;
				CODE_SIGN_STYLE = Automatic;
				CURRENT_PROJECT_VERSION = 1;
				GENERATE_INFOPLIST_FILE = YES;
				INFOPLIST_FILE = "Guru Food/Resources/Info.plist";
				INFOPLIST_KEY_UIApplicationSupportsIndirectInputEvents = YES;
				INFOPLIST_KEY_UILaunchStoryboardName = LaunchScreen;
				INFOPLIST_KEY_UIMainStoryboardFile = WelcomeScreenViewController;
				INFOPLIST_KEY_UISupportedInterfaceOrientations_iPad = "UIInterfaceOrientationPortrait UIInterfaceOrientationPortraitUpsideDown UIInterfaceOrientationLandscapeLeft UIInterfaceOrientationLandscapeRight";
				INFOPLIST_KEY_UISupportedInterfaceOrientations_iPhone = "UIInterfaceOrientationPortrait UIInterfaceOrientationLandscapeLeft UIInterfaceOrientationLandscapeRight";
				LD_RUNPATH_SEARCH_PATHS = (
					"$(inherited)",
					"@executable_path/Frameworks",
				);
				MARKETING_VERSION = 1.0;
				PRODUCT_BUNDLE_IDENTIFIER = "sandra.practice.eg.Guru-Food";
				PRODUCT_NAME = "$(TARGET_NAME)";
				SWIFT_EMIT_LOC_STRINGS = YES;
				SWIFT_VERSION = 5.0;
				TARGETED_DEVICE_FAMILY = "1,2";
			};
			name = Debug;
		};
		B67A5D442A110014009005CD /* Release */ = {
			isa = XCBuildConfiguration;
			baseConfigurationReference = 5F6B7ECB78D8B0018D3B6824 /* Pods-Guru Food.release.xcconfig */;
			buildSettings = {
				ASSETCATALOG_COMPILER_APPICON_NAME = AppIcon;
				ASSETCATALOG_COMPILER_GLOBAL_ACCENT_COLOR_NAME = AccentColor;
				CODE_SIGN_STYLE = Automatic;
				CURRENT_PROJECT_VERSION = 1;
				GENERATE_INFOPLIST_FILE = YES;
				INFOPLIST_FILE = "Guru Food/Resources/Info.plist";
				INFOPLIST_KEY_UIApplicationSupportsIndirectInputEvents = YES;
				INFOPLIST_KEY_UILaunchStoryboardName = LaunchScreen;
				INFOPLIST_KEY_UIMainStoryboardFile = WelcomeScreenViewController;
				INFOPLIST_KEY_UISupportedInterfaceOrientations_iPad = "UIInterfaceOrientationPortrait UIInterfaceOrientationPortraitUpsideDown UIInterfaceOrientationLandscapeLeft UIInterfaceOrientationLandscapeRight";
				INFOPLIST_KEY_UISupportedInterfaceOrientations_iPhone = "UIInterfaceOrientationPortrait UIInterfaceOrientationLandscapeLeft UIInterfaceOrientationLandscapeRight";
				LD_RUNPATH_SEARCH_PATHS = (
					"$(inherited)",
					"@executable_path/Frameworks",
				);
				MARKETING_VERSION = 1.0;
				PRODUCT_BUNDLE_IDENTIFIER = "sandra.practice.eg.Guru-Food";
				PRODUCT_NAME = "$(TARGET_NAME)";
				SWIFT_EMIT_LOC_STRINGS = YES;
				SWIFT_VERSION = 5.0;
				TARGETED_DEVICE_FAMILY = "1,2";
			};
			name = Release;
		};
		B67A5D462A110014009005CD /* Debug */ = {
			isa = XCBuildConfiguration;
			baseConfigurationReference = 291FA92FCA7EE8D7568C75EA /* Pods-Guru FoodTests.debug.xcconfig */;
			buildSettings = {
				ALWAYS_EMBED_SWIFT_STANDARD_LIBRARIES = YES;
				BUNDLE_LOADER = "$(TEST_HOST)";
				CODE_SIGN_STYLE = Automatic;
				CURRENT_PROJECT_VERSION = 1;
				GENERATE_INFOPLIST_FILE = YES;
				IPHONEOS_DEPLOYMENT_TARGET = 16.2;
				MARKETING_VERSION = 1.0;
				PRODUCT_BUNDLE_IDENTIFIER = "sandra.practice.eg.Guru-FoodTests";
				PRODUCT_NAME = "$(TARGET_NAME)";
				SWIFT_EMIT_LOC_STRINGS = NO;
				SWIFT_VERSION = 5.0;
				TARGETED_DEVICE_FAMILY = "1,2";
				TEST_HOST = "$(BUILT_PRODUCTS_DIR)/Guru Food.app/$(BUNDLE_EXECUTABLE_FOLDER_PATH)/Guru Food";
			};
			name = Debug;
		};
		B67A5D472A110014009005CD /* Release */ = {
			isa = XCBuildConfiguration;
			baseConfigurationReference = C2149F4CEEE808B73E30A0B5 /* Pods-Guru FoodTests.release.xcconfig */;
			buildSettings = {
				ALWAYS_EMBED_SWIFT_STANDARD_LIBRARIES = YES;
				BUNDLE_LOADER = "$(TEST_HOST)";
				CODE_SIGN_STYLE = Automatic;
				CURRENT_PROJECT_VERSION = 1;
				GENERATE_INFOPLIST_FILE = YES;
				IPHONEOS_DEPLOYMENT_TARGET = 16.2;
				MARKETING_VERSION = 1.0;
				PRODUCT_BUNDLE_IDENTIFIER = "sandra.practice.eg.Guru-FoodTests";
				PRODUCT_NAME = "$(TARGET_NAME)";
				SWIFT_EMIT_LOC_STRINGS = NO;
				SWIFT_VERSION = 5.0;
				TARGETED_DEVICE_FAMILY = "1,2";
				TEST_HOST = "$(BUILT_PRODUCTS_DIR)/Guru Food.app/$(BUNDLE_EXECUTABLE_FOLDER_PATH)/Guru Food";
			};
			name = Release;
		};
		B67A5D492A110014009005CD /* Debug */ = {
			isa = XCBuildConfiguration;
			baseConfigurationReference = A1D7D95711EF7DCCCD0EBA5B /* Pods-Guru Food-Guru FoodUITests.debug.xcconfig */;
			buildSettings = {
				ALWAYS_EMBED_SWIFT_STANDARD_LIBRARIES = YES;
				CODE_SIGN_STYLE = Automatic;
				CURRENT_PROJECT_VERSION = 1;
				GENERATE_INFOPLIST_FILE = YES;
				MARKETING_VERSION = 1.0;
				PRODUCT_BUNDLE_IDENTIFIER = "sandra.practice.eg.Guru-FoodUITests";
				PRODUCT_NAME = "$(TARGET_NAME)";
				SWIFT_EMIT_LOC_STRINGS = NO;
				SWIFT_VERSION = 5.0;
				TARGETED_DEVICE_FAMILY = "1,2";
				TEST_TARGET_NAME = "Guru Food";
			};
			name = Debug;
		};
		B67A5D4A2A110014009005CD /* Release */ = {
			isa = XCBuildConfiguration;
			baseConfigurationReference = 802682B569E1D8C82D25B7B6 /* Pods-Guru Food-Guru FoodUITests.release.xcconfig */;
			buildSettings = {
				ALWAYS_EMBED_SWIFT_STANDARD_LIBRARIES = YES;
				CODE_SIGN_STYLE = Automatic;
				CURRENT_PROJECT_VERSION = 1;
				GENERATE_INFOPLIST_FILE = YES;
				MARKETING_VERSION = 1.0;
				PRODUCT_BUNDLE_IDENTIFIER = "sandra.practice.eg.Guru-FoodUITests";
				PRODUCT_NAME = "$(TARGET_NAME)";
				SWIFT_EMIT_LOC_STRINGS = NO;
				SWIFT_VERSION = 5.0;
				TARGETED_DEVICE_FAMILY = "1,2";
				TEST_TARGET_NAME = "Guru Food";
			};
			name = Release;
		};
/* End XCBuildConfiguration section */

/* Begin XCConfigurationList section */
		B67A5D102A110010009005CD /* Build configuration list for PBXProject "Guru Food" */ = {
			isa = XCConfigurationList;
			buildConfigurations = (
				B67A5D402A110014009005CD /* Debug */,
				B67A5D412A110014009005CD /* Release */,
			);
			defaultConfigurationIsVisible = 0;
			defaultConfigurationName = Release;
		};
		B67A5D422A110014009005CD /* Build configuration list for PBXNativeTarget "Guru Food" */ = {
			isa = XCConfigurationList;
			buildConfigurations = (
				B67A5D432A110014009005CD /* Debug */,
				B67A5D442A110014009005CD /* Release */,
			);
			defaultConfigurationIsVisible = 0;
			defaultConfigurationName = Release;
		};
		B67A5D452A110014009005CD /* Build configuration list for PBXNativeTarget "Guru FoodTests" */ = {
			isa = XCConfigurationList;
			buildConfigurations = (
				B67A5D462A110014009005CD /* Debug */,
				B67A5D472A110014009005CD /* Release */,
			);
			defaultConfigurationIsVisible = 0;
			defaultConfigurationName = Release;
		};
		B67A5D482A110014009005CD /* Build configuration list for PBXNativeTarget "Guru FoodUITests" */ = {
			isa = XCConfigurationList;
			buildConfigurations = (
				B67A5D492A110014009005CD /* Debug */,
				B67A5D4A2A110014009005CD /* Release */,
			);
			defaultConfigurationIsVisible = 0;
			defaultConfigurationName = Release;
		};
/* End XCConfigurationList section */

/* Begin XCVersionGroup section */
		B67A5D212A110010009005CD /* Guru_Food.xcdatamodeld */ = {
			isa = XCVersionGroup;
			children = (
				B67A5D222A110010009005CD /* Guru_Food.xcdatamodel */,
			);
			currentVersion = B67A5D222A110010009005CD /* Guru_Food.xcdatamodel */;
			path = Guru_Food.xcdatamodeld;
			sourceTree = "<group>";
			versionGroupType = wrapper.xcdatamodel;
		};
/* End XCVersionGroup section */
	};
	rootObject = B67A5D0D2A110010009005CD /* Project object */;
}
